{
  "name": "design2",
  "lockfileVersion": 2,
  "requires": true,
  "packages": {
    "": {
      "dependencies": {
        "@erikwatson/snowfall": "^3.1.2",
        "g": "^2.0.1",
        "jquery": "^3.7.1",
        "jquery-snowfall": "^1.7.4"
      }
    },
    "node_modules/@erikwatson/snowfall": {
      "version": "3.1.2",
      "resolved": "https://registry.npmjs.org/@erikwatson/snowfall/-/snowfall-3.1.2.tgz",
      "integrity": "sha512-4XPrF0f6FFXmJv8BC5ZjVH8L90bGnaDocBVa/KCBtguJ4bvfGRK6PN8iOnIUFr7rStqfMPIHU3G/0Pn3L/LO8g=="
    },
    "node_modules/g": {
      "version": "2.0.1",
      "resolved": "https://registry.npmjs.org/g/-/g-2.0.1.tgz",
      "integrity": "sha512-Fi6Ng5fZ/ANLQ15H11hCe+09sgUoNvDEBevVgx3KoYOhsH5iLNPn54hx0jPZ+3oSWr+xajnp2Qau9VmPsc7hTA=="
    },
    "node_modules/jquery": {
      "version": "3.7.1",
      "resolved": "https://registry.npmjs.org/jquery/-/jquery-3.7.1.tgz",
      "integrity": "sha512-m4avr8yL8kmFN8psrbFFFmB/If14iN5o9nw/NgnnM+kybDJpRsAynV2BsfpTYrTRysYUdADVD7CkUUizgkpLfg=="
    },
    "node_modules/jquery-snowfall": {
      "version": "1.7.4",
      "resolved": "https://registry.npmjs.org/jquery-snowfall/-/jquery-snowfall-1.7.4.tgz",
      "integrity": "sha512-EZnfKgJazO9XFVUcZUvhLnCaBLptwjxgiUbYiOuxGn0gdYgCkPUhbN25cgokq1KMbjanuzFU2mcuP9K3qOooAw==",
      "dependencies": {
        "jquery": "^2.0||^3.0"
      }
    }
  },
  "dependencies": {
    "@erikwatson/snowfall": {
      "version": "3.1.2",
      "resolved": "https://registry.npmjs.org/@erikwatson/snowfall/-/snowfall-3.1.2.tgz",
      "integrity": "sha512-4XPrF0f6FFXmJv8BC5ZjVH8L90bGnaDocBVa/KCBtguJ4bvfGRK6PN8iOnIUFr7rStqfMPIHU3G/0Pn3L/LO8g=="
    },
    "g": {
      "version": "2.0.1",
      "resolved": "https://registry.npmjs.org/g/-/g-2.0.1.tgz",
      "integrity": "sha512-Fi6Ng5fZ/ANLQ15H11hCe+09sgUoNvDEBevVgx3KoYOhsH5iLNPn54hx0jPZ+3oSWr+xajnp2Qau9VmPsc7hTA=="
    },
    "jquery": {
      "version": "3.7.1",
      "resolved": "https://registry.npmjs.org/jquery/-/jquery-3.7.1.tgz",
      "integrity": "sha512-m4avr8yL8kmFN8psrbFFFmB/If14iN5o9nw/NgnnM+kybDJpRsAynV2BsfpTYrTRysYUdADVD7CkUUizgkpLfg=="
    },
    "jquery-snowfall": {
      "version": "1.7.4",
      "resolved": "https://registry.npmjs.org/jquery-snowfall/-/jquery-snowfall-1.7.4.tgz",
      "integrity": "sha512-EZnfKgJazO9XFVUcZUvhLnCaBLptwjxgiUbYiOuxGn0gdYgCkPUhbN25cgokq1KMbjanuzFU2mcuP9K3qOooAw==",
      "requires": {
        "jquery": "^2.0||^3.0"
      }
    }
  }
}
